
Microsoft Visual Studio Solution File, Format Version 12.00
# Visual Studio Version 17
VisualStudioVersion = 17.0.32014.148
MinimumVisualStudioVersion = 10.0.40219.1
Project("{8BC9CEB8-8B4A-11D0-8D11-00A0C91BC942}") = "Project2", "Project2\Project2.vcxproj", "{A51A6818-583D-4754-856D-570EB51766E8}"
EndProject
Global
	GlobalSection(SolutionConfigurationPlatforms) = preSolution
		Debug|x64 = Debug|x64
		Debug|x86 = Debug|x86
		Release|x64 = Release|x64
		Release|x86 = Release|x86
	EndGlobalSection
	GlobalSection(ProjectConfigurationPlatforms) = postSolution
		{A51A6818-583D-4754-856D-570EB51766E8}.Debug|x64.ActiveCfg = Debug|x64
		{A51A6818-583D-4754-856D-570EB51766E8}.Debug|x64.Build.0 = Debug|x64
		{A51A6818-583D-4754-856D-570EB51766E8}.Debug|x86.ActiveCfg = Debug|Win32
		{A51A6818-583D-4754-856D-570EB51766E8}.Debug|x86.Build.0 = Debug|Win32
		{A51A6818-583D-4754-856D-570EB51766E8}.Release|x64.ActiveCfg = Release|x64
		{A51A6818-583D-4754-856D-570EB51766E8}.Release|x64.Build.0 = Release|x64
		{A51A6818-583D-4754-856D-570EB51766E8}.Release|x86.ActiveCfg = Release|Win32
		{A51A6818-583D-4754-856D-570EB51766E8}.Release|x86.Build.0 = Release|Win32
	EndGlobalSection
	GlobalSection(SolutionProperties) = preSolution
		HideSolutionNode = FALSE
	EndGlobalSection
	GlobalSection(ExtensibilityGlobals) = postSolution
		SolutionGuid = {6DE93909-6A06-43F0-8C0E-D3F2E24AEFFB}
	EndGlobalSection
EndGlobal
